{
  "name": "node-anviz",
  "version": "1.0.0",
  "lockfileVersion": 1,
  "requires": true,
  "dependencies": {
    "php-pack": {
      "version": "1.0.2-release",
      "resolved": "https://registry.npmjs.org/php-pack/-/php-pack-1.0.2-release.tgz",
      "integrity": "sha512-jcIQ9tC1D9p5LEJrx+08DdVvDx3RNR3S2C8qxZmvThxGhdO3bgJZEy2YYnxZOuUbiTRB2wxHdS1gs2k6tH+Jiw=="
    }
  }
}
